
Microsoft Visual Studio Solution File, Format Version 12.00
# Visual Studio Version 16
VisualStudioVersion = 16.0.28922.388
MinimumVisualStudioVersion = 10.0.40219.1
Project("{9A19103F-16F7-4668-BE54-9A1E7A4F7556}") = "HENG.Core", "HENG.Core\HENG.Core.csproj", "{C3EDAF21-EFCE-48CC-BFBA-61BED4B6D9EE}"
EndProject
Project("{FAE04EC0-301F-11D3-BF4B-00C04F79EFBC}") = "HENG", "HENG\HENG.csproj", "{AA139158-4C91-4057-A06E-1E3682AAF3E1}"
EndProject
Project("{FAE04EC0-301F-11D3-BF4B-00C04F79EFBC}") = "HENG.Tasks", "HENG.Tasks\HENG.Tasks.csproj", "{AF1BF56A-81F6-4A76-BADC-48BA2509C997}"
EndProject
Project("{FAE04EC0-301F-11D3-BF4B-00C04F79EFBC}") = "HENG.App", "HENG.App\HENG.App.csproj", "{6B8C39A2-78A0-4132-BBD2-821D00CAA1B3}"
EndProject
Global
	GlobalSection(SolutionConfigurationPlatforms) = preSolution
		Debug|Any CPU = Debug|Any CPU
		Debug|ARM = Debug|ARM
		Debug|ARM64 = Debug|ARM64
		Debug|x64 = Debug|x64
		Debug|x86 = Debug|x86
		Release|Any CPU = Release|Any CPU
		Release|ARM = Release|ARM
		Release|ARM64 = Release|ARM64
		Release|x64 = Release|x64
		Release|x86 = Release|x86
	EndGlobalSection
	GlobalSection(ProjectConfigurationPlatforms) = postSolution
		{C3EDAF21-EFCE-48CC-BFBA-61BED4B6D9EE}.Debug|Any CPU.ActiveCfg = Debug|Any CPU
		{C3EDAF21-EFCE-48CC-BFBA-61BED4B6D9EE}.Debug|Any CPU.Build.0 = Debug|Any CPU
		{C3EDAF21-EFCE-48CC-BFBA-61BED4B6D9EE}.Debug|ARM.ActiveCfg = Debug|Any CPU
		{C3EDAF21-EFCE-48CC-BFBA-61BED4B6D9EE}.Debug|ARM.Build.0 = Debug|Any CPU
		{C3EDAF21-EFCE-48CC-BFBA-61BED4B6D9EE}.Debug|ARM64.ActiveCfg = Debug|Any CPU
		{C3EDAF21-EFCE-48CC-BFBA-61BED4B6D9EE}.Debug|ARM64.Build.0 = Debug|Any CPU
		{C3EDAF21-EFCE-48CC-BFBA-61BED4B6D9EE}.Debug|x64.ActiveCfg = Debug|Any CPU
		{C3EDAF21-EFCE-48CC-BFBA-61BED4B6D9EE}.Debug|x64.Build.0 = Debug|Any CPU
		{C3EDAF21-EFCE-48CC-BFBA-61BED4B6D9EE}.Debug|x86.ActiveCfg = Debug|Any CPU
		{C3EDAF21-EFCE-48CC-BFBA-61BED4B6D9EE}.Debug|x86.Build.0 = Debug|Any CPU
		{C3EDAF21-EFCE-48CC-BFBA-61BED4B6D9EE}.Release|Any CPU.ActiveCfg = Release|Any CPU
		{C3EDAF21-EFCE-48CC-BFBA-61BED4B6D9EE}.Release|Any CPU.Build.0 = Release|Any CPU
		{C3EDAF21-EFCE-48CC-BFBA-61BED4B6D9EE}.Release|ARM.ActiveCfg = Release|Any CPU
		{C3EDAF21-EFCE-48CC-BFBA-61BED4B6D9EE}.Release|ARM.Build.0 = Release|Any CPU
		{C3EDAF21-EFCE-48CC-BFBA-61BED4B6D9EE}.Release|ARM64.ActiveCfg = Release|Any CPU
		{C3EDAF21-EFCE-48CC-BFBA-61BED4B6D9EE}.Release|ARM64.Build.0 = Release|Any CPU
		{C3EDAF21-EFCE-48CC-BFBA-61BED4B6D9EE}.Release|x64.ActiveCfg = Release|Any CPU
		{C3EDAF21-EFCE-48CC-BFBA-61BED4B6D9EE}.Release|x64.Build.0 = Release|Any CPU
		{C3EDAF21-EFCE-48CC-BFBA-61BED4B6D9EE}.Release|x86.ActiveCfg = Release|Any CPU
		{C3EDAF21-EFCE-48CC-BFBA-61BED4B6D9EE}.Release|x86.Build.0 = Release|Any CPU
		{AA139158-4C91-4057-A06E-1E3682AAF3E1}.Debug|Any CPU.ActiveCfg = Debug|x86
		{AA139158-4C91-4057-A06E-1E3682AAF3E1}.Debug|ARM.ActiveCfg = Debug|ARM
		{AA139158-4C91-4057-A06E-1E3682AAF3E1}.Debug|ARM.Build.0 = Debug|ARM
		{AA139158-4C91-4057-A06E-1E3682AAF3E1}.Debug|ARM.Deploy.0 = Debug|ARM
		{AA139158-4C91-4057-A06E-1E3682AAF3E1}.Debug|ARM64.ActiveCfg = Debug|ARM64
		{AA139158-4C91-4057-A06E-1E3682AAF3E1}.Debug|ARM64.Build.0 = Debug|ARM64
		{AA139158-4C91-4057-A06E-1E3682AAF3E1}.Debug|ARM64.Deploy.0 = Debug|ARM64
		{AA139158-4C91-4057-A06E-1E3682AAF3E1}.Debug|x64.ActiveCfg = Debug|x64
		{AA139158-4C91-4057-A06E-1E3682AAF3E1}.Debug|x64.Build.0 = Debug|x64
		{AA139158-4C91-4057-A06E-1E3682AAF3E1}.Debug|x64.Deploy.0 = Debug|x64
		{AA139158-4C91-4057-A06E-1E3682AAF3E1}.Debug|x86.ActiveCfg = Debug|x86
		{AA139158-4C91-4057-A06E-1E3682AAF3E1}.Debug|x86.Build.0 = Debug|x86
		{AA139158-4C91-4057-A06E-1E3682AAF3E1}.Debug|x86.Deploy.0 = Debug|x86
		{AA139158-4C91-4057-A06E-1E3682AAF3E1}.Release|Any CPU.ActiveCfg = Release|x86
		{AA139158-4C91-4057-A06E-1E3682AAF3E1}.Release|ARM.ActiveCfg = Release|ARM
		{AA139158-4C91-4057-A06E-1E3682AAF3E1}.Release|ARM.Build.0 = Release|ARM
		{AA139158-4C91-4057-A06E-1E3682AAF3E1}.Release|ARM.Deploy.0 = Release|ARM
		{AA139158-4C91-4057-A06E-1E3682AAF3E1}.Release|ARM64.ActiveCfg = Release|ARM64
		{AA139158-4C91-4057-A06E-1E3682AAF3E1}.Release|ARM64.Build.0 = Release|ARM64
		{AA139158-4C91-4057-A06E-1E3682AAF3E1}.Release|ARM64.Deploy.0 = Release|ARM64
		{AA139158-4C91-4057-A06E-1E3682AAF3E1}.Release|x64.ActiveCfg = Release|x64
		{AA139158-4C91-4057-A06E-1E3682AAF3E1}.Release|x64.Build.0 = Release|x64
		{AA139158-4C91-4057-A06E-1E3682AAF3E1}.Release|x64.Deploy.0 = Release|x64
		{AA139158-4C91-4057-A06E-1E3682AAF3E1}.Release|x86.ActiveCfg = Release|x86
		{AA139158-4C91-4057-A06E-1E3682AAF3E1}.Release|x86.Build.0 = Release|x86
		{AA139158-4C91-4057-A06E-1E3682AAF3E1}.Release|x86.Deploy.0 = Release|x86
		{AF1BF56A-81F6-4A76-BADC-48BA2509C997}.Debug|Any CPU.ActiveCfg = Debug|Any CPU
		{AF1BF56A-81F6-4A76-BADC-48BA2509C997}.Debug|Any CPU.Build.0 = Debug|Any CPU
		{AF1BF56A-81F6-4A76-BADC-48BA2509C997}.Debug|ARM.ActiveCfg = Debug|ARM
		{AF1BF56A-81F6-4A76-BADC-48BA2509C997}.Debug|ARM.Build.0 = Debug|ARM
		{AF1BF56A-81F6-4A76-BADC-48BA2509C997}.Debug|ARM64.ActiveCfg = Debug|ARM64
		{AF1BF56A-81F6-4A76-BADC-48BA2509C997}.Debug|ARM64.Build.0 = Debug|ARM64
		{AF1BF56A-81F6-4A76-BADC-48BA2509C997}.Debug|x64.ActiveCfg = Debug|x64
		{AF1BF56A-81F6-4A76-BADC-48BA2509C997}.Debug|x64.Build.0 = Debug|x64
		{AF1BF56A-81F6-4A76-BADC-48BA2509C997}.Debug|x86.ActiveCfg = Debug|x86
		{AF1BF56A-81F6-4A76-BADC-48BA2509C997}.Debug|x86.Build.0 = Debug|x86
		{AF1BF56A-81F6-4A76-BADC-48BA2509C997}.Release|Any CPU.ActiveCfg = Release|Any CPU
		{AF1BF56A-81F6-4A76-BADC-48BA2509C997}.Release|Any CPU.Build.0 = Release|Any CPU
		{AF1BF56A-81F6-4A76-BADC-48BA2509C997}.Release|ARM.ActiveCfg = Release|ARM
		{AF1BF56A-81F6-4A76-BADC-48BA2509C997}.Release|ARM.Build.0 = Release|ARM
		{AF1BF56A-81F6-4A76-BADC-48BA2509C997}.Release|ARM64.ActiveCfg = Release|ARM64
		{AF1BF56A-81F6-4A76-BADC-48BA2509C997}.Release|ARM64.Build.0 = Release|ARM64
		{AF1BF56A-81F6-4A76-BADC-48BA2509C997}.Release|x64.ActiveCfg = Release|x64
		{AF1BF56A-81F6-4A76-BADC-48BA2509C997}.Release|x64.Build.0 = Release|x64
		{AF1BF56A-81F6-4A76-BADC-48BA2509C997}.Release|x86.ActiveCfg = Release|x86
		{AF1BF56A-81F6-4A76-BADC-48BA2509C997}.Release|x86.Build.0 = Release|x86
		{6B8C39A2-78A0-4132-BBD2-821D00CAA1B3}.Debug|Any CPU.ActiveCfg = Debug|x86
		{6B8C39A2-78A0-4132-BBD2-821D00CAA1B3}.Debug|ARM.ActiveCfg = Debug|ARM
		{6B8C39A2-78A0-4132-BBD2-821D00CAA1B3}.Debug|ARM.Build.0 = Debug|ARM
		{6B8C39A2-78A0-4132-BBD2-821D00CAA1B3}.Debug|ARM.Deploy.0 = Debug|ARM
		{6B8C39A2-78A0-4132-BBD2-821D00CAA1B3}.Debug|ARM64.ActiveCfg = Debug|ARM64
		{6B8C39A2-78A0-4132-BBD2-821D00CAA1B3}.Debug|ARM64.Build.0 = Debug|ARM64
		{6B8C39A2-78A0-4132-BBD2-821D00CAA1B3}.Debug|ARM64.Deploy.0 = Debug|ARM64
		{6B8C39A2-78A0-4132-BBD2-821D00CAA1B3}.Debug|x64.ActiveCfg = Debug|x64
		{6B8C39A2-78A0-4132-BBD2-821D00CAA1B3}.Debug|x64.Build.0 = Debug|x64
		{6B8C39A2-78A0-4132-BBD2-821D00CAA1B3}.Debug|x64.Deploy.0 = Debug|x64
		{6B8C39A2-78A0-4132-BBD2-821D00CAA1B3}.Debug|x86.ActiveCfg = Debug|x86
		{6B8C39A2-78A0-4132-BBD2-821D00CAA1B3}.Debug|x86.Build.0 = Debug|x86
		{6B8C39A2-78A0-4132-BBD2-821D00CAA1B3}.Debug|x86.Deploy.0 = Debug|x86
		{6B8C39A2-78A0-4132-BBD2-821D00CAA1B3}.Release|Any CPU.ActiveCfg = Release|x86
		{6B8C39A2-78A0-4132-BBD2-821D00CAA1B3}.Release|ARM.ActiveCfg = Release|ARM
		{6B8C39A2-78A0-4132-BBD2-821D00CAA1B3}.Release|ARM.Build.0 = Release|ARM
		{6B8C39A2-78A0-4132-BBD2-821D00CAA1B3}.Release|ARM.Deploy.0 = Release|ARM
		{6B8C39A2-78A0-4132-BBD2-821D00CAA1B3}.Release|ARM64.ActiveCfg = Release|ARM64
		{6B8C39A2-78A0-4132-BBD2-821D00CAA1B3}.Release|ARM64.Build.0 = Release|ARM64
		{6B8C39A2-78A0-4132-BBD2-821D00CAA1B3}.Release|ARM64.Deploy.0 = Release|ARM64
		{6B8C39A2-78A0-4132-BBD2-821D00CAA1B3}.Release|x64.ActiveCfg = Release|x64
		{6B8C39A2-78A0-4132-BBD2-821D00CAA1B3}.Release|x64.Build.0 = Release|x64
		{6B8C39A2-78A0-4132-BBD2-821D00CAA1B3}.Release|x64.Deploy.0 = Release|x64
		{6B8C39A2-78A0-4132-BBD2-821D00CAA1B3}.Release|x86.ActiveCfg = Release|x86
		{6B8C39A2-78A0-4132-BBD2-821D00CAA1B3}.Release|x86.Build.0 = Release|x86
		{6B8C39A2-78A0-4132-BBD2-821D00CAA1B3}.Release|x86.Deploy.0 = Release|x86
	EndGlobalSection
	GlobalSection(SolutionProperties) = preSolution
		HideSolutionNode = FALSE
	EndGlobalSection
	GlobalSection(ExtensibilityGlobals) = postSolution
		SolutionGuid = {D5817130-B6FC-4E83-BAA4-1241E4523684}
	EndGlobalSection
EndGlobal
