
Microsoft Visual Studio Solution File, Format Version 12.00
# Visual Studio Version 16
VisualStudioVersion = 16.0.28922.388
MinimumVisualStudioVersion = 10.0.40219.1
Project("{FAE04EC0-301F-11D3-BF4B-00C04F79EFBC}") = "HENG.Tasks", "HENG.Tasks\HENG.Tasks.csproj", "{AF1BF56A-81F6-4A76-BADC-48BA2509C997}"
EndProject
Project("{FAE04EC0-301F-11D3-BF4B-00C04F79EFBC}") = "HENG.UWP", "HENG.UWP\HENG.UWP.csproj", "{8D01DA32-4506-4833-B273-054CE609378D}"
EndProject
Project("{FAE04EC0-301F-11D3-BF4B-00C04F79EFBC}") = "Attention", "Attention\Attention.csproj", "{D66EB872-3E09-47DC-99AE-95AB2B04801C}"
EndProject
Global
	GlobalSection(SolutionConfigurationPlatforms) = preSolution
		Debug|Any CPU = Debug|Any CPU
		Debug|ARM = Debug|ARM
		Debug|ARM64 = Debug|ARM64
		Debug|x64 = Debug|x64
		Debug|x86 = Debug|x86
		Release|Any CPU = Release|Any CPU
		Release|ARM = Release|ARM
		Release|ARM64 = Release|ARM64
		Release|x64 = Release|x64
		Release|x86 = Release|x86
	EndGlobalSection
	GlobalSection(ProjectConfigurationPlatforms) = postSolution
		{AF1BF56A-81F6-4A76-BADC-48BA2509C997}.Debug|Any CPU.ActiveCfg = Debug|Any CPU
		{AF1BF56A-81F6-4A76-BADC-48BA2509C997}.Debug|Any CPU.Build.0 = Debug|Any CPU
		{AF1BF56A-81F6-4A76-BADC-48BA2509C997}.Debug|ARM.ActiveCfg = Debug|ARM
		{AF1BF56A-81F6-4A76-BADC-48BA2509C997}.Debug|ARM.Build.0 = Debug|ARM
		{AF1BF56A-81F6-4A76-BADC-48BA2509C997}.Debug|ARM64.ActiveCfg = Debug|ARM64
		{AF1BF56A-81F6-4A76-BADC-48BA2509C997}.Debug|ARM64.Build.0 = Debug|ARM64
		{AF1BF56A-81F6-4A76-BADC-48BA2509C997}.Debug|x64.ActiveCfg = Debug|x64
		{AF1BF56A-81F6-4A76-BADC-48BA2509C997}.Debug|x64.Build.0 = Debug|x64
		{AF1BF56A-81F6-4A76-BADC-48BA2509C997}.Debug|x86.ActiveCfg = Debug|x86
		{AF1BF56A-81F6-4A76-BADC-48BA2509C997}.Debug|x86.Build.0 = Debug|x86
		{AF1BF56A-81F6-4A76-BADC-48BA2509C997}.Release|Any CPU.ActiveCfg = Release|Any CPU
		{AF1BF56A-81F6-4A76-BADC-48BA2509C997}.Release|Any CPU.Build.0 = Release|Any CPU
		{AF1BF56A-81F6-4A76-BADC-48BA2509C997}.Release|ARM.ActiveCfg = Release|ARM
		{AF1BF56A-81F6-4A76-BADC-48BA2509C997}.Release|ARM.Build.0 = Release|ARM
		{AF1BF56A-81F6-4A76-BADC-48BA2509C997}.Release|ARM64.ActiveCfg = Release|ARM64
		{AF1BF56A-81F6-4A76-BADC-48BA2509C997}.Release|ARM64.Build.0 = Release|ARM64
		{AF1BF56A-81F6-4A76-BADC-48BA2509C997}.Release|x64.ActiveCfg = Release|x64
		{AF1BF56A-81F6-4A76-BADC-48BA2509C997}.Release|x64.Build.0 = Release|x64
		{AF1BF56A-81F6-4A76-BADC-48BA2509C997}.Release|x86.ActiveCfg = Release|x86
		{AF1BF56A-81F6-4A76-BADC-48BA2509C997}.Release|x86.Build.0 = Release|x86
		{8D01DA32-4506-4833-B273-054CE609378D}.Debug|Any CPU.ActiveCfg = Debug|x86
		{8D01DA32-4506-4833-B273-054CE609378D}.Debug|ARM.ActiveCfg = Debug|ARM
		{8D01DA32-4506-4833-B273-054CE609378D}.Debug|ARM.Build.0 = Debug|ARM
		{8D01DA32-4506-4833-B273-054CE609378D}.Debug|ARM.Deploy.0 = Debug|ARM
		{8D01DA32-4506-4833-B273-054CE609378D}.Debug|ARM64.ActiveCfg = Debug|ARM64
		{8D01DA32-4506-4833-B273-054CE609378D}.Debug|ARM64.Build.0 = Debug|ARM64
		{8D01DA32-4506-4833-B273-054CE609378D}.Debug|ARM64.Deploy.0 = Debug|ARM64
		{8D01DA32-4506-4833-B273-054CE609378D}.Debug|x64.ActiveCfg = Debug|x64
		{8D01DA32-4506-4833-B273-054CE609378D}.Debug|x64.Build.0 = Debug|x64
		{8D01DA32-4506-4833-B273-054CE609378D}.Debug|x64.Deploy.0 = Debug|x64
		{8D01DA32-4506-4833-B273-054CE609378D}.Debug|x86.ActiveCfg = Debug|x86
		{8D01DA32-4506-4833-B273-054CE609378D}.Debug|x86.Build.0 = Debug|x86
		{8D01DA32-4506-4833-B273-054CE609378D}.Debug|x86.Deploy.0 = Debug|x86
		{8D01DA32-4506-4833-B273-054CE609378D}.Release|Any CPU.ActiveCfg = Release|x86
		{8D01DA32-4506-4833-B273-054CE609378D}.Release|ARM.ActiveCfg = Release|ARM
		{8D01DA32-4506-4833-B273-054CE609378D}.Release|ARM.Build.0 = Release|ARM
		{8D01DA32-4506-4833-B273-054CE609378D}.Release|ARM.Deploy.0 = Release|ARM
		{8D01DA32-4506-4833-B273-054CE609378D}.Release|ARM64.ActiveCfg = Release|ARM64
		{8D01DA32-4506-4833-B273-054CE609378D}.Release|ARM64.Build.0 = Release|ARM64
		{8D01DA32-4506-4833-B273-054CE609378D}.Release|ARM64.Deploy.0 = Release|ARM64
		{8D01DA32-4506-4833-B273-054CE609378D}.Release|x64.ActiveCfg = Release|x64
		{8D01DA32-4506-4833-B273-054CE609378D}.Release|x64.Build.0 = Release|x64
		{8D01DA32-4506-4833-B273-054CE609378D}.Release|x64.Deploy.0 = Release|x64
		{8D01DA32-4506-4833-B273-054CE609378D}.Release|x86.ActiveCfg = Release|x86
		{8D01DA32-4506-4833-B273-054CE609378D}.Release|x86.Build.0 = Release|x86
		{8D01DA32-4506-4833-B273-054CE609378D}.Release|x86.Deploy.0 = Release|x86
		{D66EB872-3E09-47DC-99AE-95AB2B04801C}.Debug|Any CPU.ActiveCfg = Debug|x86
		{D66EB872-3E09-47DC-99AE-95AB2B04801C}.Debug|ARM.ActiveCfg = Debug|ARM
		{D66EB872-3E09-47DC-99AE-95AB2B04801C}.Debug|ARM.Build.0 = Debug|ARM
		{D66EB872-3E09-47DC-99AE-95AB2B04801C}.Debug|ARM.Deploy.0 = Debug|ARM
		{D66EB872-3E09-47DC-99AE-95AB2B04801C}.Debug|ARM64.ActiveCfg = Debug|ARM64
		{D66EB872-3E09-47DC-99AE-95AB2B04801C}.Debug|ARM64.Build.0 = Debug|ARM64
		{D66EB872-3E09-47DC-99AE-95AB2B04801C}.Debug|ARM64.Deploy.0 = Debug|ARM64
		{D66EB872-3E09-47DC-99AE-95AB2B04801C}.Debug|x64.ActiveCfg = Debug|x64
		{D66EB872-3E09-47DC-99AE-95AB2B04801C}.Debug|x64.Build.0 = Debug|x64
		{D66EB872-3E09-47DC-99AE-95AB2B04801C}.Debug|x64.Deploy.0 = Debug|x64
		{D66EB872-3E09-47DC-99AE-95AB2B04801C}.Debug|x86.ActiveCfg = Debug|x86
		{D66EB872-3E09-47DC-99AE-95AB2B04801C}.Debug|x86.Build.0 = Debug|x86
		{D66EB872-3E09-47DC-99AE-95AB2B04801C}.Debug|x86.Deploy.0 = Debug|x86
		{D66EB872-3E09-47DC-99AE-95AB2B04801C}.Release|Any CPU.ActiveCfg = Release|x86
		{D66EB872-3E09-47DC-99AE-95AB2B04801C}.Release|ARM.ActiveCfg = Release|ARM
		{D66EB872-3E09-47DC-99AE-95AB2B04801C}.Release|ARM.Build.0 = Release|ARM
		{D66EB872-3E09-47DC-99AE-95AB2B04801C}.Release|ARM.Deploy.0 = Release|ARM
		{D66EB872-3E09-47DC-99AE-95AB2B04801C}.Release|ARM64.ActiveCfg = Release|ARM64
		{D66EB872-3E09-47DC-99AE-95AB2B04801C}.Release|ARM64.Build.0 = Release|ARM64
		{D66EB872-3E09-47DC-99AE-95AB2B04801C}.Release|ARM64.Deploy.0 = Release|ARM64
		{D66EB872-3E09-47DC-99AE-95AB2B04801C}.Release|x64.ActiveCfg = Release|x64
		{D66EB872-3E09-47DC-99AE-95AB2B04801C}.Release|x64.Build.0 = Release|x64
		{D66EB872-3E09-47DC-99AE-95AB2B04801C}.Release|x64.Deploy.0 = Release|x64
		{D66EB872-3E09-47DC-99AE-95AB2B04801C}.Release|x86.ActiveCfg = Release|x86
		{D66EB872-3E09-47DC-99AE-95AB2B04801C}.Release|x86.Build.0 = Release|x86
		{D66EB872-3E09-47DC-99AE-95AB2B04801C}.Release|x86.Deploy.0 = Release|x86
	EndGlobalSection
	GlobalSection(SolutionProperties) = preSolution
		HideSolutionNode = FALSE
	EndGlobalSection
	GlobalSection(ExtensibilityGlobals) = postSolution
		SolutionGuid = {D5817130-B6FC-4E83-BAA4-1241E4523684}
	EndGlobalSection
EndGlobal
