
Microsoft Visual Studio Solution File, Format Version 12.00
# Visual Studio Version 16
VisualStudioVersion = 16.0.28922.388
MinimumVisualStudioVersion = 10.0.40219.1
Project("{FAE04EC0-301F-11D3-BF4B-00C04F79EFBC}") = "Attention", "Attention\Attention.csproj", "{D66EB872-3E09-47DC-99AE-95AB2B04801C}"
EndProject
Project("{FAE04EC0-301F-11D3-BF4B-00C04F79EFBC}") = "Attention.BackgroundTask", "Attention.BackgroundTask\Attention.BackgroundTask.csproj", "{EDB09B16-2ACA-42C3-B4CF-D30CCF63AB56}"
EndProject
Project("{FAE04EC0-301F-11D3-BF4B-00C04F79EFBC}") = "HENG.App", "HENG.App\HENG.App.csproj", "{6B8C39A2-78A0-4132-BBD2-821D00CAA1B3}"
EndProject
Project("{FAE04EC0-301F-11D3-BF4B-00C04F79EFBC}") = "Attention.Core", "Attention.Core\Attention.Core.csproj", "{B1E222FE-F2E1-4B04-9B2E-9D4FC1451F64}"
EndProject
Project("{FAE04EC0-301F-11D3-BF4B-00C04F79EFBC}") = "Attention.UWP", "src\Attention.UWP\Attention.UWP.csproj", "{33B3A2A3-D151-439F-93D6-6AD74F3E692C}"
EndProject
Global
	GlobalSection(SolutionConfigurationPlatforms) = preSolution
		Debug|Any CPU = Debug|Any CPU
		Debug|ARM = Debug|ARM
		Debug|ARM64 = Debug|ARM64
		Debug|x64 = Debug|x64
		Debug|x86 = Debug|x86
		Release|Any CPU = Release|Any CPU
		Release|ARM = Release|ARM
		Release|ARM64 = Release|ARM64
		Release|x64 = Release|x64
		Release|x86 = Release|x86
	EndGlobalSection
	GlobalSection(ProjectConfigurationPlatforms) = postSolution
		{D66EB872-3E09-47DC-99AE-95AB2B04801C}.Debug|Any CPU.ActiveCfg = Debug|x86
		{D66EB872-3E09-47DC-99AE-95AB2B04801C}.Debug|ARM.ActiveCfg = Debug|ARM
		{D66EB872-3E09-47DC-99AE-95AB2B04801C}.Debug|ARM.Build.0 = Debug|ARM
		{D66EB872-3E09-47DC-99AE-95AB2B04801C}.Debug|ARM.Deploy.0 = Debug|ARM
		{D66EB872-3E09-47DC-99AE-95AB2B04801C}.Debug|ARM64.ActiveCfg = Debug|ARM64
		{D66EB872-3E09-47DC-99AE-95AB2B04801C}.Debug|ARM64.Build.0 = Debug|ARM64
		{D66EB872-3E09-47DC-99AE-95AB2B04801C}.Debug|ARM64.Deploy.0 = Debug|ARM64
		{D66EB872-3E09-47DC-99AE-95AB2B04801C}.Debug|x64.ActiveCfg = Debug|x64
		{D66EB872-3E09-47DC-99AE-95AB2B04801C}.Debug|x64.Build.0 = Debug|x64
		{D66EB872-3E09-47DC-99AE-95AB2B04801C}.Debug|x64.Deploy.0 = Debug|x64
		{D66EB872-3E09-47DC-99AE-95AB2B04801C}.Debug|x86.ActiveCfg = Debug|x86
		{D66EB872-3E09-47DC-99AE-95AB2B04801C}.Debug|x86.Build.0 = Debug|x86
		{D66EB872-3E09-47DC-99AE-95AB2B04801C}.Debug|x86.Deploy.0 = Debug|x86
		{D66EB872-3E09-47DC-99AE-95AB2B04801C}.Release|Any CPU.ActiveCfg = Release|x86
		{D66EB872-3E09-47DC-99AE-95AB2B04801C}.Release|ARM.ActiveCfg = Release|ARM
		{D66EB872-3E09-47DC-99AE-95AB2B04801C}.Release|ARM.Build.0 = Release|ARM
		{D66EB872-3E09-47DC-99AE-95AB2B04801C}.Release|ARM.Deploy.0 = Release|ARM
		{D66EB872-3E09-47DC-99AE-95AB2B04801C}.Release|ARM64.ActiveCfg = Release|ARM64
		{D66EB872-3E09-47DC-99AE-95AB2B04801C}.Release|ARM64.Build.0 = Release|ARM64
		{D66EB872-3E09-47DC-99AE-95AB2B04801C}.Release|ARM64.Deploy.0 = Release|ARM64
		{D66EB872-3E09-47DC-99AE-95AB2B04801C}.Release|x64.ActiveCfg = Release|x64
		{D66EB872-3E09-47DC-99AE-95AB2B04801C}.Release|x64.Build.0 = Release|x64
		{D66EB872-3E09-47DC-99AE-95AB2B04801C}.Release|x64.Deploy.0 = Release|x64
		{D66EB872-3E09-47DC-99AE-95AB2B04801C}.Release|x86.ActiveCfg = Release|x86
		{D66EB872-3E09-47DC-99AE-95AB2B04801C}.Release|x86.Build.0 = Release|x86
		{D66EB872-3E09-47DC-99AE-95AB2B04801C}.Release|x86.Deploy.0 = Release|x86
		{EDB09B16-2ACA-42C3-B4CF-D30CCF63AB56}.Debug|Any CPU.ActiveCfg = Debug|Any CPU
		{EDB09B16-2ACA-42C3-B4CF-D30CCF63AB56}.Debug|Any CPU.Build.0 = Debug|Any CPU
		{EDB09B16-2ACA-42C3-B4CF-D30CCF63AB56}.Debug|ARM.ActiveCfg = Debug|ARM
		{EDB09B16-2ACA-42C3-B4CF-D30CCF63AB56}.Debug|ARM.Build.0 = Debug|ARM
		{EDB09B16-2ACA-42C3-B4CF-D30CCF63AB56}.Debug|ARM64.ActiveCfg = Debug|ARM64
		{EDB09B16-2ACA-42C3-B4CF-D30CCF63AB56}.Debug|ARM64.Build.0 = Debug|ARM64
		{EDB09B16-2ACA-42C3-B4CF-D30CCF63AB56}.Debug|x64.ActiveCfg = Debug|x64
		{EDB09B16-2ACA-42C3-B4CF-D30CCF63AB56}.Debug|x64.Build.0 = Debug|x64
		{EDB09B16-2ACA-42C3-B4CF-D30CCF63AB56}.Debug|x86.ActiveCfg = Debug|x86
		{EDB09B16-2ACA-42C3-B4CF-D30CCF63AB56}.Debug|x86.Build.0 = Debug|x86
		{EDB09B16-2ACA-42C3-B4CF-D30CCF63AB56}.Release|Any CPU.ActiveCfg = Release|Any CPU
		{EDB09B16-2ACA-42C3-B4CF-D30CCF63AB56}.Release|Any CPU.Build.0 = Release|Any CPU
		{EDB09B16-2ACA-42C3-B4CF-D30CCF63AB56}.Release|ARM.ActiveCfg = Release|ARM
		{EDB09B16-2ACA-42C3-B4CF-D30CCF63AB56}.Release|ARM.Build.0 = Release|ARM
		{EDB09B16-2ACA-42C3-B4CF-D30CCF63AB56}.Release|ARM64.ActiveCfg = Release|ARM64
		{EDB09B16-2ACA-42C3-B4CF-D30CCF63AB56}.Release|ARM64.Build.0 = Release|ARM64
		{EDB09B16-2ACA-42C3-B4CF-D30CCF63AB56}.Release|x64.ActiveCfg = Release|x64
		{EDB09B16-2ACA-42C3-B4CF-D30CCF63AB56}.Release|x64.Build.0 = Release|x64
		{EDB09B16-2ACA-42C3-B4CF-D30CCF63AB56}.Release|x86.ActiveCfg = Release|x86
		{EDB09B16-2ACA-42C3-B4CF-D30CCF63AB56}.Release|x86.Build.0 = Release|x86
		{6B8C39A2-78A0-4132-BBD2-821D00CAA1B3}.Debug|Any CPU.ActiveCfg = Debug|x86
		{6B8C39A2-78A0-4132-BBD2-821D00CAA1B3}.Debug|ARM.ActiveCfg = Debug|ARM
		{6B8C39A2-78A0-4132-BBD2-821D00CAA1B3}.Debug|ARM.Build.0 = Debug|ARM
		{6B8C39A2-78A0-4132-BBD2-821D00CAA1B3}.Debug|ARM.Deploy.0 = Debug|ARM
		{6B8C39A2-78A0-4132-BBD2-821D00CAA1B3}.Debug|ARM64.ActiveCfg = Debug|ARM64
		{6B8C39A2-78A0-4132-BBD2-821D00CAA1B3}.Debug|ARM64.Build.0 = Debug|ARM64
		{6B8C39A2-78A0-4132-BBD2-821D00CAA1B3}.Debug|ARM64.Deploy.0 = Debug|ARM64
		{6B8C39A2-78A0-4132-BBD2-821D00CAA1B3}.Debug|x64.ActiveCfg = Debug|x64
		{6B8C39A2-78A0-4132-BBD2-821D00CAA1B3}.Debug|x64.Build.0 = Debug|x64
		{6B8C39A2-78A0-4132-BBD2-821D00CAA1B3}.Debug|x64.Deploy.0 = Debug|x64
		{6B8C39A2-78A0-4132-BBD2-821D00CAA1B3}.Debug|x86.ActiveCfg = Debug|x86
		{6B8C39A2-78A0-4132-BBD2-821D00CAA1B3}.Debug|x86.Build.0 = Debug|x86
		{6B8C39A2-78A0-4132-BBD2-821D00CAA1B3}.Debug|x86.Deploy.0 = Debug|x86
		{6B8C39A2-78A0-4132-BBD2-821D00CAA1B3}.Release|Any CPU.ActiveCfg = Release|x86
		{6B8C39A2-78A0-4132-BBD2-821D00CAA1B3}.Release|ARM.ActiveCfg = Release|ARM
		{6B8C39A2-78A0-4132-BBD2-821D00CAA1B3}.Release|ARM.Build.0 = Release|ARM
		{6B8C39A2-78A0-4132-BBD2-821D00CAA1B3}.Release|ARM.Deploy.0 = Release|ARM
		{6B8C39A2-78A0-4132-BBD2-821D00CAA1B3}.Release|ARM64.ActiveCfg = Release|ARM64
		{6B8C39A2-78A0-4132-BBD2-821D00CAA1B3}.Release|ARM64.Build.0 = Release|ARM64
		{6B8C39A2-78A0-4132-BBD2-821D00CAA1B3}.Release|ARM64.Deploy.0 = Release|ARM64
		{6B8C39A2-78A0-4132-BBD2-821D00CAA1B3}.Release|x64.ActiveCfg = Release|x64
		{6B8C39A2-78A0-4132-BBD2-821D00CAA1B3}.Release|x64.Build.0 = Release|x64
		{6B8C39A2-78A0-4132-BBD2-821D00CAA1B3}.Release|x64.Deploy.0 = Release|x64
		{6B8C39A2-78A0-4132-BBD2-821D00CAA1B3}.Release|x86.ActiveCfg = Release|x86
		{6B8C39A2-78A0-4132-BBD2-821D00CAA1B3}.Release|x86.Build.0 = Release|x86
		{6B8C39A2-78A0-4132-BBD2-821D00CAA1B3}.Release|x86.Deploy.0 = Release|x86
		{B1E222FE-F2E1-4B04-9B2E-9D4FC1451F64}.Debug|Any CPU.ActiveCfg = Debug|Any CPU
		{B1E222FE-F2E1-4B04-9B2E-9D4FC1451F64}.Debug|Any CPU.Build.0 = Debug|Any CPU
		{B1E222FE-F2E1-4B04-9B2E-9D4FC1451F64}.Debug|ARM.ActiveCfg = Debug|ARM
		{B1E222FE-F2E1-4B04-9B2E-9D4FC1451F64}.Debug|ARM.Build.0 = Debug|ARM
		{B1E222FE-F2E1-4B04-9B2E-9D4FC1451F64}.Debug|ARM64.ActiveCfg = Debug|ARM64
		{B1E222FE-F2E1-4B04-9B2E-9D4FC1451F64}.Debug|ARM64.Build.0 = Debug|ARM64
		{B1E222FE-F2E1-4B04-9B2E-9D4FC1451F64}.Debug|x64.ActiveCfg = Debug|x64
		{B1E222FE-F2E1-4B04-9B2E-9D4FC1451F64}.Debug|x64.Build.0 = Debug|x64
		{B1E222FE-F2E1-4B04-9B2E-9D4FC1451F64}.Debug|x86.ActiveCfg = Debug|x86
		{B1E222FE-F2E1-4B04-9B2E-9D4FC1451F64}.Debug|x86.Build.0 = Debug|x86
		{B1E222FE-F2E1-4B04-9B2E-9D4FC1451F64}.Release|Any CPU.ActiveCfg = Release|Any CPU
		{B1E222FE-F2E1-4B04-9B2E-9D4FC1451F64}.Release|Any CPU.Build.0 = Release|Any CPU
		{B1E222FE-F2E1-4B04-9B2E-9D4FC1451F64}.Release|ARM.ActiveCfg = Release|ARM
		{B1E222FE-F2E1-4B04-9B2E-9D4FC1451F64}.Release|ARM.Build.0 = Release|ARM
		{B1E222FE-F2E1-4B04-9B2E-9D4FC1451F64}.Release|ARM64.ActiveCfg = Release|ARM64
		{B1E222FE-F2E1-4B04-9B2E-9D4FC1451F64}.Release|ARM64.Build.0 = Release|ARM64
		{B1E222FE-F2E1-4B04-9B2E-9D4FC1451F64}.Release|x64.ActiveCfg = Release|x64
		{B1E222FE-F2E1-4B04-9B2E-9D4FC1451F64}.Release|x64.Build.0 = Release|x64
		{B1E222FE-F2E1-4B04-9B2E-9D4FC1451F64}.Release|x86.ActiveCfg = Release|x86
		{B1E222FE-F2E1-4B04-9B2E-9D4FC1451F64}.Release|x86.Build.0 = Release|x86
		{33B3A2A3-D151-439F-93D6-6AD74F3E692C}.Debug|Any CPU.ActiveCfg = Debug|x86
		{33B3A2A3-D151-439F-93D6-6AD74F3E692C}.Debug|ARM.ActiveCfg = Debug|ARM
		{33B3A2A3-D151-439F-93D6-6AD74F3E692C}.Debug|ARM.Build.0 = Debug|ARM
		{33B3A2A3-D151-439F-93D6-6AD74F3E692C}.Debug|ARM.Deploy.0 = Debug|ARM
		{33B3A2A3-D151-439F-93D6-6AD74F3E692C}.Debug|ARM64.ActiveCfg = Debug|ARM64
		{33B3A2A3-D151-439F-93D6-6AD74F3E692C}.Debug|ARM64.Build.0 = Debug|ARM64
		{33B3A2A3-D151-439F-93D6-6AD74F3E692C}.Debug|ARM64.Deploy.0 = Debug|ARM64
		{33B3A2A3-D151-439F-93D6-6AD74F3E692C}.Debug|x64.ActiveCfg = Debug|x64
		{33B3A2A3-D151-439F-93D6-6AD74F3E692C}.Debug|x64.Build.0 = Debug|x64
		{33B3A2A3-D151-439F-93D6-6AD74F3E692C}.Debug|x64.Deploy.0 = Debug|x64
		{33B3A2A3-D151-439F-93D6-6AD74F3E692C}.Debug|x86.ActiveCfg = Debug|x86
		{33B3A2A3-D151-439F-93D6-6AD74F3E692C}.Debug|x86.Build.0 = Debug|x86
		{33B3A2A3-D151-439F-93D6-6AD74F3E692C}.Debug|x86.Deploy.0 = Debug|x86
		{33B3A2A3-D151-439F-93D6-6AD74F3E692C}.Release|Any CPU.ActiveCfg = Release|x86
		{33B3A2A3-D151-439F-93D6-6AD74F3E692C}.Release|ARM.ActiveCfg = Release|ARM
		{33B3A2A3-D151-439F-93D6-6AD74F3E692C}.Release|ARM.Build.0 = Release|ARM
		{33B3A2A3-D151-439F-93D6-6AD74F3E692C}.Release|ARM.Deploy.0 = Release|ARM
		{33B3A2A3-D151-439F-93D6-6AD74F3E692C}.Release|ARM64.ActiveCfg = Release|ARM64
		{33B3A2A3-D151-439F-93D6-6AD74F3E692C}.Release|ARM64.Build.0 = Release|ARM64
		{33B3A2A3-D151-439F-93D6-6AD74F3E692C}.Release|ARM64.Deploy.0 = Release|ARM64
		{33B3A2A3-D151-439F-93D6-6AD74F3E692C}.Release|x64.ActiveCfg = Release|x64
		{33B3A2A3-D151-439F-93D6-6AD74F3E692C}.Release|x64.Build.0 = Release|x64
		{33B3A2A3-D151-439F-93D6-6AD74F3E692C}.Release|x64.Deploy.0 = Release|x64
		{33B3A2A3-D151-439F-93D6-6AD74F3E692C}.Release|x86.ActiveCfg = Release|x86
		{33B3A2A3-D151-439F-93D6-6AD74F3E692C}.Release|x86.Build.0 = Release|x86
		{33B3A2A3-D151-439F-93D6-6AD74F3E692C}.Release|x86.Deploy.0 = Release|x86
	EndGlobalSection
	GlobalSection(SolutionProperties) = preSolution
		HideSolutionNode = FALSE
	EndGlobalSection
	GlobalSection(ExtensibilityGlobals) = postSolution
		SolutionGuid = {D5817130-B6FC-4E83-BAA4-1241E4523684}
	EndGlobalSection
EndGlobal
